{
  "name": "test-environment",
  "version": "1.0.0",
  "lockfileVersion": 1,
  "requires": true,
  "dependencies": {
    "ts-quickfixes-plugin": {
      "version": "1.0.0-dev.1",
      "resolved": "https://registry.npmjs.org/ts-quickfixes-plugin/-/ts-quickfixes-plugin-1.0.0-dev.1.tgz",
      "integrity": "sha512-+Ysux4f3z2FazkeutZdaj+/EEMglP1YH5YFVopuoYPkuL7NiQwP6wrMjg2geqH0UxvTKvZ+8EDg1vvsYQf/KMA=="
    },
    "typescript": {
      "version": "4.0.5",
      "resolved": "https://registry.npmjs.org/typescript/-/typescript-4.0.5.tgz",
      "integrity": "sha512-ywmr/VrTVCmNTJ6iV2LwIrfG1P+lv6luD8sUJs+2eI9NLGigaN+nUQc13iHqisq7bra9lnmUSYqbJvegraBOPQ==",
      "dev": true
    }
  }
}
