{
  "name": "ts-quickfixes-extension",
  "version": "1.14.0",
  "lockfileVersion": 1,
  "requires": true,
  "dependencies": {
    "ts-quickfixes-plugin": {
      "version": "1.12.0",
      "resolved": "https://registry.npmjs.org/ts-quickfixes-plugin/-/ts-quickfixes-plugin-1.12.0.tgz",
      "integrity": "sha512-xffsPadghJ9r75AEKESD6C9BVYxb1KkHadRUHC5Z2t4V+757I6ijAKBlYr7xU+uWltpySxEhBBy9v2JBXaNhxQ=="
    }
  }
}
