{
  "name": "ts-quickfixes-extension",
  "version": "1.4.0",
  "lockfileVersion": 1,
  "requires": true,
  "dependencies": {
    "ts-quickfixes-plugin": {
      "version": "1.4.0",
      "resolved": "https://registry.npmjs.org/ts-quickfixes-plugin/-/ts-quickfixes-plugin-1.4.0.tgz",
      "integrity": "sha512-MUjlLTuGxk04/XWdQlz3VsY/QeZfaA89UKUCqzTlQZ8K+BGAJYujYQ7peMCgPfzuyJ6UBpfDqizVcvV7uxeqKA=="
    }
  }
}
