{
  "name": "ts-quickfixes-extension",
  "version": "1.7.0",
  "lockfileVersion": 1,
  "requires": true,
  "dependencies": {
    "ts-quickfixes-plugin": {
      "version": "1.6.0",
      "resolved": "https://registry.npmjs.org/ts-quickfixes-plugin/-/ts-quickfixes-plugin-1.6.0.tgz",
      "integrity": "sha512-AsSq/cAfflx86+cZPZ9Ckajypu+vHCu36SlNHpSdUnFzdBxp8sNXZJC5zWt1Ma0bx5A6o2obpKIvMTlgOoWNGg=="
    }
  }
}
